
Microsoft Visual Studio Solution File, Format Version 12.00
# Visual Studio 15
VisualStudioVersion = 15.0.27130.2003
MinimumVisualStudioVersion = 10.0.40219.1
Project("{FAE04EC0-301F-11D3-BF4B-00C04F79EFBC}") = "DistributedToDo.DAL", "DistributedToDo.DAL\DistributedToDo.DAL.csproj", "{7E9B28C5-D1A3-4FA9-A832-DD3EF42EA86C}"
EndProject
Project("{FAE04EC0-301F-11D3-BF4B-00C04F79EFBC}") = "DistributedToDo.BLL", "DistributedToDo.BLL\DistributedToDo.BLL.csproj", "{93C8B32A-D2D5-42CF-A0EC-78EF83D933B0}"
EndProject
Project("{FAE04EC0-301F-11D3-BF4B-00C04F79EFBC}") = "DistributedToDo.Web", "DistributedToDo.Web\DistributedToDo.Web.csproj", "{07FB0178-C6A0-4BB0-AE8F-AFE1E7CC81F1}"
EndProject
Global
	GlobalSection(SolutionConfigurationPlatforms) = preSolution
		Debug|Any CPU = Debug|Any CPU
		Release|Any CPU = Release|Any CPU
	EndGlobalSection
	GlobalSection(ProjectConfigurationPlatforms) = postSolution
		{7E9B28C5-D1A3-4FA9-A832-DD3EF42EA86C}.Debug|Any CPU.ActiveCfg = Debug|Any CPU
		{7E9B28C5-D1A3-4FA9-A832-DD3EF42EA86C}.Debug|Any CPU.Build.0 = Debug|Any CPU
		{7E9B28C5-D1A3-4FA9-A832-DD3EF42EA86C}.Release|Any CPU.ActiveCfg = Release|Any CPU
		{7E9B28C5-D1A3-4FA9-A832-DD3EF42EA86C}.Release|Any CPU.Build.0 = Release|Any CPU
		{93C8B32A-D2D5-42CF-A0EC-78EF83D933B0}.Debug|Any CPU.ActiveCfg = Debug|Any CPU
		{93C8B32A-D2D5-42CF-A0EC-78EF83D933B0}.Debug|Any CPU.Build.0 = Debug|Any CPU
		{93C8B32A-D2D5-42CF-A0EC-78EF83D933B0}.Release|Any CPU.ActiveCfg = Release|Any CPU
		{93C8B32A-D2D5-42CF-A0EC-78EF83D933B0}.Release|Any CPU.Build.0 = Release|Any CPU
		{07FB0178-C6A0-4BB0-AE8F-AFE1E7CC81F1}.Debug|Any CPU.ActiveCfg = Debug|Any CPU
		{07FB0178-C6A0-4BB0-AE8F-AFE1E7CC81F1}.Debug|Any CPU.Build.0 = Debug|Any CPU
		{07FB0178-C6A0-4BB0-AE8F-AFE1E7CC81F1}.Release|Any CPU.ActiveCfg = Release|Any CPU
		{07FB0178-C6A0-4BB0-AE8F-AFE1E7CC81F1}.Release|Any CPU.Build.0 = Release|Any CPU
	EndGlobalSection
	GlobalSection(SolutionProperties) = preSolution
		HideSolutionNode = FALSE
	EndGlobalSection
	GlobalSection(ExtensibilityGlobals) = postSolution
		SolutionGuid = {2A8CBAC6-0EAF-4F70-9783-B01D7DC6539B}
	EndGlobalSection
EndGlobal
